
Microsoft Visual Studio Solution File, Format Version 12.00
# Visual Studio Version 17
VisualStudioVersion = 17.0.32112.339
MinimumVisualStudioVersion = 10.0.40219.1
Project("{2150E333-8FDC-42A3-9474-1A3956D46DE8}") = "src", "src", "{7F194B38-FA35-4E8E-8018-A5D597B7D845}"
EndProject
Project("{9A19103F-16F7-4668-BE54-9A1E7A4F7556}") = "Wing.Consul", "src\Wing.Consul\Wing.Consul.csproj", "{4F9DA3F6-B01E-4A30-8C76-287441494C53}"
EndProject
Project("{2150E333-8FDC-42A3-9474-1A3956D46DE8}") = "samples", "samples", "{E70A0BB1-8418-4F80-A4A5-47461D35D368}"
EndProject
Project("{2150E333-8FDC-42A3-9474-1A3956D46DE8}") = "test", "test", "{98EA2F9D-CB38-457B-941F-D3E98C2922D7}"
EndProject
Project("{9A19103F-16F7-4668-BE54-9A1E7A4F7556}") = "AspNetCoreService", "samples\AspNetCoreService\AspNetCoreService.csproj", "{0469F1B1-C0F5-4B61-B04B-861FE568B055}"
EndProject
Project("{9A19103F-16F7-4668-BE54-9A1E7A4F7556}") = "GrpcService", "samples\GrpcService\GrpcService.csproj", "{99F41381-0D00-4169-BA96-E36DDA813200}"
EndProject
Project("{9A19103F-16F7-4668-BE54-9A1E7A4F7556}") = "Wing", "src\Wing\Wing.csproj", "{BCB6FCD0-06EA-4339-956B-3425BC83F07D}"
EndProject
Project("{9A19103F-16F7-4668-BE54-9A1E7A4F7556}") = "GrpcService2", "samples\GrpcService2\GrpcService2.csproj", "{ADDCD34D-52F7-4ECA-80B3-D317982ACD3B}"
EndProject
Project("{9A19103F-16F7-4668-BE54-9A1E7A4F7556}") = "Wing.NLog", "src\Wing.NLog\Wing.NLog.csproj", "{E0DCB3FC-55CF-49E3-86A5-45CC3B4E8574}"
EndProject
Project("{9A19103F-16F7-4668-BE54-9A1E7A4F7556}") = "GrpcService3", "samples\GrpcService3\GrpcService3.csproj", "{7553CFCC-BFBD-41D0-91FC-EB7A73FDD3E7}"
EndProject
Project("{9A19103F-16F7-4668-BE54-9A1E7A4F7556}") = "Wing.RabbitMQ", "src\Wing.RabbitMQ\Wing.RabbitMQ.csproj", "{2CFB98AD-E666-494D-8233-E6893338C0E9}"
EndProject
Project("{9A19103F-16F7-4668-BE54-9A1E7A4F7556}") = "Wing.Redis", "src\Wing.Redis\Wing.Redis.csproj", "{6F9D873C-1684-4881-AEFC-EB8C6116E1F8}"
EndProject
Project("{9A19103F-16F7-4668-BE54-9A1E7A4F7556}") = "Wing.GateWay", "src\Wing.GateWay\Wing.GateWay.csproj", "{2A016A0D-498B-40E5-BEE1-2BF165E95B72}"
EndProject
Project("{2150E333-8FDC-42A3-9474-1A3956D46DE8}") = "solution items", "solution items", "{3FEFF3EF-9799-4303-9F01-4796324B00CB}"
	ProjectSection(SolutionItems) = preProject
		StyleCop.ruleset = StyleCop.ruleset
	EndProjectSection
EndProject
Project("{9A19103F-16F7-4668-BE54-9A1E7A4F7556}") = "Wing.Dashboard", "src\Wing.Dashboard\backend\Wing.Dashboard.csproj", "{D36E6B38-8655-42B7-BB1D-E590AA5D18B3}"
EndProject
Project("{9A19103F-16F7-4668-BE54-9A1E7A4F7556}") = "Wing.Auth", "src\Wing.Auth\Wing.Auth.csproj", "{9482E722-4792-4106-8D56-ACDDEF3F6FC0}"
EndProject
Project("{9A19103F-16F7-4668-BE54-9A1E7A4F7556}") = "Wing.Server", "samples\Wing.Server\Wing.Server.csproj", "{1BF719F2-AB15-43BF-BB1A-36B3A2235729}"
EndProject
Project("{9A19103F-16F7-4668-BE54-9A1E7A4F7556}") = "AspNetCoreService2", "samples\AspNetCoreService2\AspNetCoreService2.csproj", "{D946CF51-B376-4313-90EB-F168A484E4AA}"
EndProject
Project("{9A19103F-16F7-4668-BE54-9A1E7A4F7556}") = "Wing.Persistence", "src\Wing.Persistence\Wing.Persistence.csproj", "{F76FC8A5-87A4-4697-85B1-C045AF78386D}"
EndProject
Project("{9A19103F-16F7-4668-BE54-9A1E7A4F7556}") = "Wing.SqlServer", "src\Wing.SqlServer\Wing.SqlServer.csproj", "{EF594A1F-4F2A-4AB0-AEBE-A7AD4DD41556}"
EndProject
Global
	GlobalSection(SolutionConfigurationPlatforms) = preSolution
		Debug|Any CPU = Debug|Any CPU
		Release|Any CPU = Release|Any CPU
	EndGlobalSection
	GlobalSection(ProjectConfigurationPlatforms) = postSolution
		{4F9DA3F6-B01E-4A30-8C76-287441494C53}.Debug|Any CPU.ActiveCfg = Debug|Any CPU
		{4F9DA3F6-B01E-4A30-8C76-287441494C53}.Debug|Any CPU.Build.0 = Debug|Any CPU
		{4F9DA3F6-B01E-4A30-8C76-287441494C53}.Release|Any CPU.ActiveCfg = Release|Any CPU
		{4F9DA3F6-B01E-4A30-8C76-287441494C53}.Release|Any CPU.Build.0 = Release|Any CPU
		{0469F1B1-C0F5-4B61-B04B-861FE568B055}.Debug|Any CPU.ActiveCfg = Debug|Any CPU
		{0469F1B1-C0F5-4B61-B04B-861FE568B055}.Debug|Any CPU.Build.0 = Debug|Any CPU
		{0469F1B1-C0F5-4B61-B04B-861FE568B055}.Release|Any CPU.ActiveCfg = Release|Any CPU
		{0469F1B1-C0F5-4B61-B04B-861FE568B055}.Release|Any CPU.Build.0 = Release|Any CPU
		{99F41381-0D00-4169-BA96-E36DDA813200}.Debug|Any CPU.ActiveCfg = Debug|Any CPU
		{99F41381-0D00-4169-BA96-E36DDA813200}.Debug|Any CPU.Build.0 = Debug|Any CPU
		{99F41381-0D00-4169-BA96-E36DDA813200}.Release|Any CPU.ActiveCfg = Release|Any CPU
		{99F41381-0D00-4169-BA96-E36DDA813200}.Release|Any CPU.Build.0 = Release|Any CPU
		{BCB6FCD0-06EA-4339-956B-3425BC83F07D}.Debug|Any CPU.ActiveCfg = Debug|Any CPU
		{BCB6FCD0-06EA-4339-956B-3425BC83F07D}.Debug|Any CPU.Build.0 = Debug|Any CPU
		{BCB6FCD0-06EA-4339-956B-3425BC83F07D}.Release|Any CPU.ActiveCfg = Release|Any CPU
		{BCB6FCD0-06EA-4339-956B-3425BC83F07D}.Release|Any CPU.Build.0 = Release|Any CPU
		{ADDCD34D-52F7-4ECA-80B3-D317982ACD3B}.Debug|Any CPU.ActiveCfg = Debug|Any CPU
		{ADDCD34D-52F7-4ECA-80B3-D317982ACD3B}.Debug|Any CPU.Build.0 = Debug|Any CPU
		{ADDCD34D-52F7-4ECA-80B3-D317982ACD3B}.Release|Any CPU.ActiveCfg = Release|Any CPU
		{ADDCD34D-52F7-4ECA-80B3-D317982ACD3B}.Release|Any CPU.Build.0 = Release|Any CPU
		{E0DCB3FC-55CF-49E3-86A5-45CC3B4E8574}.Debug|Any CPU.ActiveCfg = Debug|Any CPU
		{E0DCB3FC-55CF-49E3-86A5-45CC3B4E8574}.Debug|Any CPU.Build.0 = Debug|Any CPU
		{E0DCB3FC-55CF-49E3-86A5-45CC3B4E8574}.Release|Any CPU.ActiveCfg = Release|Any CPU
		{E0DCB3FC-55CF-49E3-86A5-45CC3B4E8574}.Release|Any CPU.Build.0 = Release|Any CPU
		{7553CFCC-BFBD-41D0-91FC-EB7A73FDD3E7}.Debug|Any CPU.ActiveCfg = Debug|Any CPU
		{7553CFCC-BFBD-41D0-91FC-EB7A73FDD3E7}.Debug|Any CPU.Build.0 = Debug|Any CPU
		{7553CFCC-BFBD-41D0-91FC-EB7A73FDD3E7}.Release|Any CPU.ActiveCfg = Release|Any CPU
		{7553CFCC-BFBD-41D0-91FC-EB7A73FDD3E7}.Release|Any CPU.Build.0 = Release|Any CPU
		{2CFB98AD-E666-494D-8233-E6893338C0E9}.Debug|Any CPU.ActiveCfg = Debug|Any CPU
		{2CFB98AD-E666-494D-8233-E6893338C0E9}.Debug|Any CPU.Build.0 = Debug|Any CPU
		{2CFB98AD-E666-494D-8233-E6893338C0E9}.Release|Any CPU.ActiveCfg = Release|Any CPU
		{2CFB98AD-E666-494D-8233-E6893338C0E9}.Release|Any CPU.Build.0 = Release|Any CPU
		{6F9D873C-1684-4881-AEFC-EB8C6116E1F8}.Debug|Any CPU.ActiveCfg = Debug|Any CPU
		{6F9D873C-1684-4881-AEFC-EB8C6116E1F8}.Debug|Any CPU.Build.0 = Debug|Any CPU
		{6F9D873C-1684-4881-AEFC-EB8C6116E1F8}.Release|Any CPU.ActiveCfg = Release|Any CPU
		{6F9D873C-1684-4881-AEFC-EB8C6116E1F8}.Release|Any CPU.Build.0 = Release|Any CPU
		{2A016A0D-498B-40E5-BEE1-2BF165E95B72}.Debug|Any CPU.ActiveCfg = Debug|Any CPU
		{2A016A0D-498B-40E5-BEE1-2BF165E95B72}.Debug|Any CPU.Build.0 = Debug|Any CPU
		{2A016A0D-498B-40E5-BEE1-2BF165E95B72}.Release|Any CPU.ActiveCfg = Release|Any CPU
		{2A016A0D-498B-40E5-BEE1-2BF165E95B72}.Release|Any CPU.Build.0 = Release|Any CPU
		{D36E6B38-8655-42B7-BB1D-E590AA5D18B3}.Debug|Any CPU.ActiveCfg = Debug|Any CPU
		{D36E6B38-8655-42B7-BB1D-E590AA5D18B3}.Debug|Any CPU.Build.0 = Debug|Any CPU
		{D36E6B38-8655-42B7-BB1D-E590AA5D18B3}.Release|Any CPU.ActiveCfg = Release|Any CPU
		{D36E6B38-8655-42B7-BB1D-E590AA5D18B3}.Release|Any CPU.Build.0 = Release|Any CPU
		{9482E722-4792-4106-8D56-ACDDEF3F6FC0}.Debug|Any CPU.ActiveCfg = Debug|Any CPU
		{9482E722-4792-4106-8D56-ACDDEF3F6FC0}.Debug|Any CPU.Build.0 = Debug|Any CPU
		{9482E722-4792-4106-8D56-ACDDEF3F6FC0}.Release|Any CPU.ActiveCfg = Release|Any CPU
		{9482E722-4792-4106-8D56-ACDDEF3F6FC0}.Release|Any CPU.Build.0 = Release|Any CPU
		{1BF719F2-AB15-43BF-BB1A-36B3A2235729}.Debug|Any CPU.ActiveCfg = Debug|Any CPU
		{1BF719F2-AB15-43BF-BB1A-36B3A2235729}.Debug|Any CPU.Build.0 = Debug|Any CPU
		{1BF719F2-AB15-43BF-BB1A-36B3A2235729}.Release|Any CPU.ActiveCfg = Release|Any CPU
		{1BF719F2-AB15-43BF-BB1A-36B3A2235729}.Release|Any CPU.Build.0 = Release|Any CPU
		{D946CF51-B376-4313-90EB-F168A484E4AA}.Debug|Any CPU.ActiveCfg = Debug|Any CPU
		{D946CF51-B376-4313-90EB-F168A484E4AA}.Debug|Any CPU.Build.0 = Debug|Any CPU
		{D946CF51-B376-4313-90EB-F168A484E4AA}.Release|Any CPU.ActiveCfg = Release|Any CPU
		{D946CF51-B376-4313-90EB-F168A484E4AA}.Release|Any CPU.Build.0 = Release|Any CPU
		{F76FC8A5-87A4-4697-85B1-C045AF78386D}.Debug|Any CPU.ActiveCfg = Debug|Any CPU
		{F76FC8A5-87A4-4697-85B1-C045AF78386D}.Debug|Any CPU.Build.0 = Debug|Any CPU
		{F76FC8A5-87A4-4697-85B1-C045AF78386D}.Release|Any CPU.ActiveCfg = Release|Any CPU
		{F76FC8A5-87A4-4697-85B1-C045AF78386D}.Release|Any CPU.Build.0 = Release|Any CPU
		{EF594A1F-4F2A-4AB0-AEBE-A7AD4DD41556}.Debug|Any CPU.ActiveCfg = Debug|Any CPU
		{EF594A1F-4F2A-4AB0-AEBE-A7AD4DD41556}.Debug|Any CPU.Build.0 = Debug|Any CPU
		{EF594A1F-4F2A-4AB0-AEBE-A7AD4DD41556}.Release|Any CPU.ActiveCfg = Release|Any CPU
		{EF594A1F-4F2A-4AB0-AEBE-A7AD4DD41556}.Release|Any CPU.Build.0 = Release|Any CPU
	EndGlobalSection
	GlobalSection(SolutionProperties) = preSolution
		HideSolutionNode = FALSE
	EndGlobalSection
	GlobalSection(NestedProjects) = preSolution
		{4F9DA3F6-B01E-4A30-8C76-287441494C53} = {7F194B38-FA35-4E8E-8018-A5D597B7D845}
		{0469F1B1-C0F5-4B61-B04B-861FE568B055} = {E70A0BB1-8418-4F80-A4A5-47461D35D368}
		{99F41381-0D00-4169-BA96-E36DDA813200} = {E70A0BB1-8418-4F80-A4A5-47461D35D368}
		{BCB6FCD0-06EA-4339-956B-3425BC83F07D} = {7F194B38-FA35-4E8E-8018-A5D597B7D845}
		{ADDCD34D-52F7-4ECA-80B3-D317982ACD3B} = {E70A0BB1-8418-4F80-A4A5-47461D35D368}
		{E0DCB3FC-55CF-49E3-86A5-45CC3B4E8574} = {7F194B38-FA35-4E8E-8018-A5D597B7D845}
		{7553CFCC-BFBD-41D0-91FC-EB7A73FDD3E7} = {E70A0BB1-8418-4F80-A4A5-47461D35D368}
		{2CFB98AD-E666-494D-8233-E6893338C0E9} = {7F194B38-FA35-4E8E-8018-A5D597B7D845}
		{6F9D873C-1684-4881-AEFC-EB8C6116E1F8} = {7F194B38-FA35-4E8E-8018-A5D597B7D845}
		{2A016A0D-498B-40E5-BEE1-2BF165E95B72} = {7F194B38-FA35-4E8E-8018-A5D597B7D845}
		{D36E6B38-8655-42B7-BB1D-E590AA5D18B3} = {7F194B38-FA35-4E8E-8018-A5D597B7D845}
		{9482E722-4792-4106-8D56-ACDDEF3F6FC0} = {7F194B38-FA35-4E8E-8018-A5D597B7D845}
		{1BF719F2-AB15-43BF-BB1A-36B3A2235729} = {E70A0BB1-8418-4F80-A4A5-47461D35D368}
		{D946CF51-B376-4313-90EB-F168A484E4AA} = {E70A0BB1-8418-4F80-A4A5-47461D35D368}
		{F76FC8A5-87A4-4697-85B1-C045AF78386D} = {7F194B38-FA35-4E8E-8018-A5D597B7D845}
		{EF594A1F-4F2A-4AB0-AEBE-A7AD4DD41556} = {7F194B38-FA35-4E8E-8018-A5D597B7D845}
	EndGlobalSection
	GlobalSection(ExtensibilityGlobals) = postSolution
		SolutionGuid = {A4E7060C-278C-4789-8857-13E1D41F6AD6}
	EndGlobalSection
EndGlobal
