
Microsoft Visual Studio Solution File, Format Version 12.00
# Visual Studio Version 17
VisualStudioVersion = 17.0.32112.339
MinimumVisualStudioVersion = 10.0.40219.1
Project("{2150E333-8FDC-42A3-9474-1A3956D46DE8}") = "src", "src", "{7F194B38-FA35-4E8E-8018-A5D597B7D845}"
EndProject
Project("{9A19103F-16F7-4668-BE54-9A1E7A4F7556}") = "Wing.Consul", "src\Wing.Consul\Wing.Consul.csproj", "{4F9DA3F6-B01E-4A30-8C76-287441494C53}"
EndProject
Project("{2150E333-8FDC-42A3-9474-1A3956D46DE8}") = "samples", "samples", "{E70A0BB1-8418-4F80-A4A5-47461D35D368}"
EndProject
Project("{9A19103F-16F7-4668-BE54-9A1E7A4F7556}") = "Sample.AspNetCoreService", "samples\Sample.AspNetCoreService\Sample.AspNetCoreService.csproj", "{0469F1B1-C0F5-4B61-B04B-861FE568B055}"
EndProject
Project("{9A19103F-16F7-4668-BE54-9A1E7A4F7556}") = "Sample.GrpcService", "samples\Sample.GrpcService\Sample.GrpcService.csproj", "{99F41381-0D00-4169-BA96-E36DDA813200}"
EndProject
Project("{9A19103F-16F7-4668-BE54-9A1E7A4F7556}") = "Wing", "src\Wing\Wing.csproj", "{BCB6FCD0-06EA-4339-956B-3425BC83F07D}"
EndProject
Project("{9A19103F-16F7-4668-BE54-9A1E7A4F7556}") = "Sample.GrpcService2", "samples\Sample.GrpcService2\Sample.GrpcService2.csproj", "{ADDCD34D-52F7-4ECA-80B3-D317982ACD3B}"
EndProject
Project("{9A19103F-16F7-4668-BE54-9A1E7A4F7556}") = "Sample.Saga.Client.Grpc", "samples\Sample.Saga.Client.Grpc\Sample.Saga.Client.Grpc.csproj", "{7553CFCC-BFBD-41D0-91FC-EB7A73FDD3E7}"
EndProject
Project("{9A19103F-16F7-4668-BE54-9A1E7A4F7556}") = "Wing.RabbitMQ", "src\Wing.RabbitMQ\Wing.RabbitMQ.csproj", "{2CFB98AD-E666-494D-8233-E6893338C0E9}"
EndProject
Project("{9A19103F-16F7-4668-BE54-9A1E7A4F7556}") = "Wing.Gateway", "src\Wing.GateWay\Wing.Gateway.csproj", "{2A016A0D-498B-40E5-BEE1-2BF165E95B72}"
EndProject
Project("{2150E333-8FDC-42A3-9474-1A3956D46DE8}") = "solution items", "solution items", "{3FEFF3EF-9799-4303-9F01-4796324B00CB}"
	ProjectSection(SolutionItems) = preProject
		StyleCop.ruleset = StyleCop.ruleset
	EndProjectSection
EndProject
Project("{9A19103F-16F7-4668-BE54-9A1E7A4F7556}") = "Sample.Auth", "samples\Sample.Auth\Sample.Auth.csproj", "{9482E722-4792-4106-8D56-ACDDEF3F6FC0}"
EndProject
Project("{9A19103F-16F7-4668-BE54-9A1E7A4F7556}") = "Sample.Gateway", "samples\Sample.GateWay\Sample.Gateway.csproj", "{1BF719F2-AB15-43BF-BB1A-36B3A2235729}"
EndProject
Project("{9A19103F-16F7-4668-BE54-9A1E7A4F7556}") = "Sample.AspNetCoreService2", "samples\Sample.AspNetCoreService2\Sample.AspNetCoreService2.csproj", "{D946CF51-B376-4313-90EB-F168A484E4AA}"
EndProject
Project("{9A19103F-16F7-4668-BE54-9A1E7A4F7556}") = "Wing.Persistence", "src\Wing.Persistence\Wing.Persistence.csproj", "{F76FC8A5-87A4-4697-85B1-C045AF78386D}"
EndProject
Project("{9A19103F-16F7-4668-BE54-9A1E7A4F7556}") = "Sample.UI", "samples\Sample.UI\Sample.UI.csproj", "{51D0CFFC-F79E-44D1-89AD-F2BA6D701D11}"
EndProject
Project("{9A19103F-16F7-4668-BE54-9A1E7A4F7556}") = "Wing.UI", "src\Wing.UI\Wing.UI.csproj", "{03967492-4553-4127-8147-F078C69163E9}"
EndProject
Project("{9A19103F-16F7-4668-BE54-9A1E7A4F7556}") = "Wing.APM", "src\Wing.APM\Wing.APM.csproj", "{39249838-46D3-4128-8102-A2E0C70862D8}"
EndProject
Project("{9A19103F-16F7-4668-BE54-9A1E7A4F7556}") = "Wing.SqlServer", "src\Wing.SqlServer\Wing.SqlServer.csproj", "{7F791FEC-A615-4F8F-AE95-128D9D99DF63}"
EndProject
Project("{2150E333-8FDC-42A3-9474-1A3956D46DE8}") = "APM", "APM", "{17A8768A-2F64-40AE-AA08-912AD8FD2C71}"
EndProject
Project("{2150E333-8FDC-42A3-9474-1A3956D46DE8}") = "Persistence", "Persistence", "{B50660C3-98D8-41CE-A48E-E408A37724B7}"
EndProject
Project("{9A19103F-16F7-4668-BE54-9A1E7A4F7556}") = "Wing.APM.FreeSql", "src\Wing.APM.FreeSql\Wing.APM.FreeSql.csproj", "{C1A8D024-EBFF-4171-9D97-5E07F959EB50}"
EndProject
Project("{2150E333-8FDC-42A3-9474-1A3956D46DE8}") = "Saga", "Saga", "{1145D1A6-2FDA-420F-95E7-6B24DD291754}"
EndProject
Project("{9A19103F-16F7-4668-BE54-9A1E7A4F7556}") = "Wing.Saga.Client", "src\Wing.Saga.Client\Wing.Saga.Client.csproj", "{F592444C-BA1F-4872-AAA2-BE1F47B60384}"
EndProject
Project("{9A19103F-16F7-4668-BE54-9A1E7A4F7556}") = "Wing.Saga.Server", "src\Wing.Saga.Server\Wing.Saga.Server.csproj", "{2EB86E0A-91AD-4228-B855-CE227DDD50F0}"
EndProject
Project("{9A19103F-16F7-4668-BE54-9A1E7A4F7556}") = "Sample.Saga.Server", "samples\Sample.Saga.Server\Sample.Saga.Server.csproj", "{1A147718-84E8-4736-A57F-ADA6C4FFA047}"
EndProject
Project("{9A19103F-16F7-4668-BE54-9A1E7A4F7556}") = "Sample.Saga.Client.Http", "samples\Sample.Saga.Client.Http\Sample.Saga.Client.Http.csproj", "{98BBA376-4030-4AFE-BDC5-498E82A6E9BB}"
EndProject
Project("{9A19103F-16F7-4668-BE54-9A1E7A4F7556}") = "Wing.Oracle", "src\Wing.Oracle\Wing.Oracle.csproj", "{DE430DF1-1315-43C3-A3DF-DE0B507EA82A}"
EndProject
Project("{9A19103F-16F7-4668-BE54-9A1E7A4F7556}") = "Wing.MySql", "src\Wing.MySql\Wing.MySql.csproj", "{C9A704CF-99E2-4832-BEDD-B3104C8CE341}"
EndProject
Project("{9A19103F-16F7-4668-BE54-9A1E7A4F7556}") = "Wing.PostgreSQL", "src\Wing.PostgreSQL\Wing.PostgreSQL.csproj", "{9E473333-F43F-4FFF-8D46-40D2BF7F40EC}"
EndProject
Project("{9A19103F-16F7-4668-BE54-9A1E7A4F7556}") = "Wing.APM.SqlSugar", "src\Wing.APM.SqlSugar\Wing.APM.SqlSugar.csproj", "{9D5E9175-36ED-4E99-8998-767CDC7A69B2}"
EndProject
Project("{9A19103F-16F7-4668-BE54-9A1E7A4F7556}") = "Sample.APM.SqlSugar", "samples\Sample.APM.SqlSugar\Sample.APM.SqlSugar.csproj", "{70ECD8A4-405C-4E23-AB3C-468020CBA7FD}"
EndProject
Project("{9A19103F-16F7-4668-BE54-9A1E7A4F7556}") = "Wing.APM.EFCore", "src\Wing.APM.EFCore\Wing.APM.EFCore.csproj", "{D9159D5E-FB82-4C33-BD10-DCBC6F68E647}"
EndProject
Project("{9A19103F-16F7-4668-BE54-9A1E7A4F7556}") = "Sample.APM.EFCore", "samples\Sample.APM.EFCore\Sample.APM.EFCore.csproj", "{EAFEB23E-59CA-44D6-B193-8B83DDC0FAD2}"
EndProject
Project("{9A19103F-16F7-4668-BE54-9A1E7A4F7556}") = "Sample.WebSocket", "samples\Sample.WebSocket\Sample.WebSocket.csproj", "{C7D5D86A-3D59-4F71-BE50-292C46BDE8FB}"
EndProject
Project("{9A19103F-16F7-4668-BE54-9A1E7A4F7556}") = "Wing.Sqlite", "src\Wing.Sqlite\Wing.Sqlite.csproj", "{0EEE818E-B9BF-4089-A4AE-1F0D413E630D}"
EndProject
Project("{2150E333-8FDC-42A3-9474-1A3956D46DE8}") = "build", "build", "{38A115DC-B291-448F-983F-E08A156CEF7A}"
	ProjectSection(SolutionItems) = preProject
		build\common.props = build\common.props
		build\noStyleCopCommon.props = build\noStyleCopCommon.props
	EndProjectSection
EndProject
Global
	GlobalSection(SolutionConfigurationPlatforms) = preSolution
		Debug|Any CPU = Debug|Any CPU
		Release|Any CPU = Release|Any CPU
	EndGlobalSection
	GlobalSection(ProjectConfigurationPlatforms) = postSolution
		{4F9DA3F6-B01E-4A30-8C76-287441494C53}.Debug|Any CPU.ActiveCfg = Debug|Any CPU
		{4F9DA3F6-B01E-4A30-8C76-287441494C53}.Debug|Any CPU.Build.0 = Debug|Any CPU
		{4F9DA3F6-B01E-4A30-8C76-287441494C53}.Release|Any CPU.ActiveCfg = Release|Any CPU
		{4F9DA3F6-B01E-4A30-8C76-287441494C53}.Release|Any CPU.Build.0 = Release|Any CPU
		{0469F1B1-C0F5-4B61-B04B-861FE568B055}.Debug|Any CPU.ActiveCfg = Debug|Any CPU
		{0469F1B1-C0F5-4B61-B04B-861FE568B055}.Debug|Any CPU.Build.0 = Debug|Any CPU
		{0469F1B1-C0F5-4B61-B04B-861FE568B055}.Release|Any CPU.ActiveCfg = Release|Any CPU
		{0469F1B1-C0F5-4B61-B04B-861FE568B055}.Release|Any CPU.Build.0 = Release|Any CPU
		{99F41381-0D00-4169-BA96-E36DDA813200}.Debug|Any CPU.ActiveCfg = Debug|Any CPU
		{99F41381-0D00-4169-BA96-E36DDA813200}.Debug|Any CPU.Build.0 = Debug|Any CPU
		{99F41381-0D00-4169-BA96-E36DDA813200}.Release|Any CPU.ActiveCfg = Release|Any CPU
		{99F41381-0D00-4169-BA96-E36DDA813200}.Release|Any CPU.Build.0 = Release|Any CPU
		{BCB6FCD0-06EA-4339-956B-3425BC83F07D}.Debug|Any CPU.ActiveCfg = Debug|Any CPU
		{BCB6FCD0-06EA-4339-956B-3425BC83F07D}.Debug|Any CPU.Build.0 = Debug|Any CPU
		{BCB6FCD0-06EA-4339-956B-3425BC83F07D}.Release|Any CPU.ActiveCfg = Release|Any CPU
		{BCB6FCD0-06EA-4339-956B-3425BC83F07D}.Release|Any CPU.Build.0 = Release|Any CPU
		{ADDCD34D-52F7-4ECA-80B3-D317982ACD3B}.Debug|Any CPU.ActiveCfg = Debug|Any CPU
		{ADDCD34D-52F7-4ECA-80B3-D317982ACD3B}.Debug|Any CPU.Build.0 = Debug|Any CPU
		{ADDCD34D-52F7-4ECA-80B3-D317982ACD3B}.Release|Any CPU.ActiveCfg = Release|Any CPU
		{ADDCD34D-52F7-4ECA-80B3-D317982ACD3B}.Release|Any CPU.Build.0 = Release|Any CPU
		{7553CFCC-BFBD-41D0-91FC-EB7A73FDD3E7}.Debug|Any CPU.ActiveCfg = Debug|Any CPU
		{7553CFCC-BFBD-41D0-91FC-EB7A73FDD3E7}.Debug|Any CPU.Build.0 = Debug|Any CPU
		{7553CFCC-BFBD-41D0-91FC-EB7A73FDD3E7}.Release|Any CPU.ActiveCfg = Release|Any CPU
		{7553CFCC-BFBD-41D0-91FC-EB7A73FDD3E7}.Release|Any CPU.Build.0 = Release|Any CPU
		{2CFB98AD-E666-494D-8233-E6893338C0E9}.Debug|Any CPU.ActiveCfg = Debug|Any CPU
		{2CFB98AD-E666-494D-8233-E6893338C0E9}.Debug|Any CPU.Build.0 = Debug|Any CPU
		{2CFB98AD-E666-494D-8233-E6893338C0E9}.Release|Any CPU.ActiveCfg = Release|Any CPU
		{2CFB98AD-E666-494D-8233-E6893338C0E9}.Release|Any CPU.Build.0 = Release|Any CPU
		{2A016A0D-498B-40E5-BEE1-2BF165E95B72}.Debug|Any CPU.ActiveCfg = Debug|Any CPU
		{2A016A0D-498B-40E5-BEE1-2BF165E95B72}.Debug|Any CPU.Build.0 = Debug|Any CPU
		{2A016A0D-498B-40E5-BEE1-2BF165E95B72}.Release|Any CPU.ActiveCfg = Release|Any CPU
		{2A016A0D-498B-40E5-BEE1-2BF165E95B72}.Release|Any CPU.Build.0 = Release|Any CPU
		{9482E722-4792-4106-8D56-ACDDEF3F6FC0}.Debug|Any CPU.ActiveCfg = Debug|Any CPU
		{9482E722-4792-4106-8D56-ACDDEF3F6FC0}.Debug|Any CPU.Build.0 = Debug|Any CPU
		{9482E722-4792-4106-8D56-ACDDEF3F6FC0}.Release|Any CPU.ActiveCfg = Release|Any CPU
		{9482E722-4792-4106-8D56-ACDDEF3F6FC0}.Release|Any CPU.Build.0 = Release|Any CPU
		{1BF719F2-AB15-43BF-BB1A-36B3A2235729}.Debug|Any CPU.ActiveCfg = Debug|Any CPU
		{1BF719F2-AB15-43BF-BB1A-36B3A2235729}.Debug|Any CPU.Build.0 = Debug|Any CPU
		{1BF719F2-AB15-43BF-BB1A-36B3A2235729}.Release|Any CPU.ActiveCfg = Release|Any CPU
		{1BF719F2-AB15-43BF-BB1A-36B3A2235729}.Release|Any CPU.Build.0 = Release|Any CPU
		{D946CF51-B376-4313-90EB-F168A484E4AA}.Debug|Any CPU.ActiveCfg = Debug|Any CPU
		{D946CF51-B376-4313-90EB-F168A484E4AA}.Debug|Any CPU.Build.0 = Debug|Any CPU
		{D946CF51-B376-4313-90EB-F168A484E4AA}.Release|Any CPU.ActiveCfg = Release|Any CPU
		{D946CF51-B376-4313-90EB-F168A484E4AA}.Release|Any CPU.Build.0 = Release|Any CPU
		{F76FC8A5-87A4-4697-85B1-C045AF78386D}.Debug|Any CPU.ActiveCfg = Debug|Any CPU
		{F76FC8A5-87A4-4697-85B1-C045AF78386D}.Debug|Any CPU.Build.0 = Debug|Any CPU
		{F76FC8A5-87A4-4697-85B1-C045AF78386D}.Release|Any CPU.ActiveCfg = Release|Any CPU
		{F76FC8A5-87A4-4697-85B1-C045AF78386D}.Release|Any CPU.Build.0 = Release|Any CPU
		{51D0CFFC-F79E-44D1-89AD-F2BA6D701D11}.Debug|Any CPU.ActiveCfg = Debug|Any CPU
		{51D0CFFC-F79E-44D1-89AD-F2BA6D701D11}.Debug|Any CPU.Build.0 = Debug|Any CPU
		{51D0CFFC-F79E-44D1-89AD-F2BA6D701D11}.Release|Any CPU.ActiveCfg = Release|Any CPU
		{51D0CFFC-F79E-44D1-89AD-F2BA6D701D11}.Release|Any CPU.Build.0 = Release|Any CPU
		{03967492-4553-4127-8147-F078C69163E9}.Debug|Any CPU.ActiveCfg = Debug|Any CPU
		{03967492-4553-4127-8147-F078C69163E9}.Debug|Any CPU.Build.0 = Debug|Any CPU
		{03967492-4553-4127-8147-F078C69163E9}.Release|Any CPU.ActiveCfg = Release|Any CPU
		{03967492-4553-4127-8147-F078C69163E9}.Release|Any CPU.Build.0 = Release|Any CPU
		{39249838-46D3-4128-8102-A2E0C70862D8}.Debug|Any CPU.ActiveCfg = Debug|Any CPU
		{39249838-46D3-4128-8102-A2E0C70862D8}.Debug|Any CPU.Build.0 = Debug|Any CPU
		{39249838-46D3-4128-8102-A2E0C70862D8}.Release|Any CPU.ActiveCfg = Release|Any CPU
		{39249838-46D3-4128-8102-A2E0C70862D8}.Release|Any CPU.Build.0 = Release|Any CPU
		{7F791FEC-A615-4F8F-AE95-128D9D99DF63}.Debug|Any CPU.ActiveCfg = Debug|Any CPU
		{7F791FEC-A615-4F8F-AE95-128D9D99DF63}.Debug|Any CPU.Build.0 = Debug|Any CPU
		{7F791FEC-A615-4F8F-AE95-128D9D99DF63}.Release|Any CPU.ActiveCfg = Release|Any CPU
		{7F791FEC-A615-4F8F-AE95-128D9D99DF63}.Release|Any CPU.Build.0 = Release|Any CPU
		{C1A8D024-EBFF-4171-9D97-5E07F959EB50}.Debug|Any CPU.ActiveCfg = Debug|Any CPU
		{C1A8D024-EBFF-4171-9D97-5E07F959EB50}.Debug|Any CPU.Build.0 = Debug|Any CPU
		{C1A8D024-EBFF-4171-9D97-5E07F959EB50}.Release|Any CPU.ActiveCfg = Release|Any CPU
		{C1A8D024-EBFF-4171-9D97-5E07F959EB50}.Release|Any CPU.Build.0 = Release|Any CPU
		{F592444C-BA1F-4872-AAA2-BE1F47B60384}.Debug|Any CPU.ActiveCfg = Debug|Any CPU
		{F592444C-BA1F-4872-AAA2-BE1F47B60384}.Debug|Any CPU.Build.0 = Debug|Any CPU
		{F592444C-BA1F-4872-AAA2-BE1F47B60384}.Release|Any CPU.ActiveCfg = Release|Any CPU
		{F592444C-BA1F-4872-AAA2-BE1F47B60384}.Release|Any CPU.Build.0 = Release|Any CPU
		{2EB86E0A-91AD-4228-B855-CE227DDD50F0}.Debug|Any CPU.ActiveCfg = Debug|Any CPU
		{2EB86E0A-91AD-4228-B855-CE227DDD50F0}.Debug|Any CPU.Build.0 = Debug|Any CPU
		{2EB86E0A-91AD-4228-B855-CE227DDD50F0}.Release|Any CPU.ActiveCfg = Release|Any CPU
		{2EB86E0A-91AD-4228-B855-CE227DDD50F0}.Release|Any CPU.Build.0 = Release|Any CPU
		{1A147718-84E8-4736-A57F-ADA6C4FFA047}.Debug|Any CPU.ActiveCfg = Debug|Any CPU
		{1A147718-84E8-4736-A57F-ADA6C4FFA047}.Debug|Any CPU.Build.0 = Debug|Any CPU
		{1A147718-84E8-4736-A57F-ADA6C4FFA047}.Release|Any CPU.ActiveCfg = Release|Any CPU
		{1A147718-84E8-4736-A57F-ADA6C4FFA047}.Release|Any CPU.Build.0 = Release|Any CPU
		{98BBA376-4030-4AFE-BDC5-498E82A6E9BB}.Debug|Any CPU.ActiveCfg = Debug|Any CPU
		{98BBA376-4030-4AFE-BDC5-498E82A6E9BB}.Debug|Any CPU.Build.0 = Debug|Any CPU
		{98BBA376-4030-4AFE-BDC5-498E82A6E9BB}.Release|Any CPU.ActiveCfg = Release|Any CPU
		{98BBA376-4030-4AFE-BDC5-498E82A6E9BB}.Release|Any CPU.Build.0 = Release|Any CPU
		{DE430DF1-1315-43C3-A3DF-DE0B507EA82A}.Debug|Any CPU.ActiveCfg = Debug|Any CPU
		{DE430DF1-1315-43C3-A3DF-DE0B507EA82A}.Debug|Any CPU.Build.0 = Debug|Any CPU
		{DE430DF1-1315-43C3-A3DF-DE0B507EA82A}.Release|Any CPU.ActiveCfg = Release|Any CPU
		{DE430DF1-1315-43C3-A3DF-DE0B507EA82A}.Release|Any CPU.Build.0 = Release|Any CPU
		{C9A704CF-99E2-4832-BEDD-B3104C8CE341}.Debug|Any CPU.ActiveCfg = Debug|Any CPU
		{C9A704CF-99E2-4832-BEDD-B3104C8CE341}.Debug|Any CPU.Build.0 = Debug|Any CPU
		{C9A704CF-99E2-4832-BEDD-B3104C8CE341}.Release|Any CPU.ActiveCfg = Release|Any CPU
		{C9A704CF-99E2-4832-BEDD-B3104C8CE341}.Release|Any CPU.Build.0 = Release|Any CPU
		{9E473333-F43F-4FFF-8D46-40D2BF7F40EC}.Debug|Any CPU.ActiveCfg = Debug|Any CPU
		{9E473333-F43F-4FFF-8D46-40D2BF7F40EC}.Debug|Any CPU.Build.0 = Debug|Any CPU
		{9E473333-F43F-4FFF-8D46-40D2BF7F40EC}.Release|Any CPU.ActiveCfg = Release|Any CPU
		{9E473333-F43F-4FFF-8D46-40D2BF7F40EC}.Release|Any CPU.Build.0 = Release|Any CPU
		{9D5E9175-36ED-4E99-8998-767CDC7A69B2}.Debug|Any CPU.ActiveCfg = Debug|Any CPU
		{9D5E9175-36ED-4E99-8998-767CDC7A69B2}.Debug|Any CPU.Build.0 = Debug|Any CPU
		{9D5E9175-36ED-4E99-8998-767CDC7A69B2}.Release|Any CPU.ActiveCfg = Release|Any CPU
		{9D5E9175-36ED-4E99-8998-767CDC7A69B2}.Release|Any CPU.Build.0 = Release|Any CPU
		{70ECD8A4-405C-4E23-AB3C-468020CBA7FD}.Debug|Any CPU.ActiveCfg = Debug|Any CPU
		{70ECD8A4-405C-4E23-AB3C-468020CBA7FD}.Debug|Any CPU.Build.0 = Debug|Any CPU
		{70ECD8A4-405C-4E23-AB3C-468020CBA7FD}.Release|Any CPU.ActiveCfg = Release|Any CPU
		{70ECD8A4-405C-4E23-AB3C-468020CBA7FD}.Release|Any CPU.Build.0 = Release|Any CPU
		{D9159D5E-FB82-4C33-BD10-DCBC6F68E647}.Debug|Any CPU.ActiveCfg = Debug|Any CPU
		{D9159D5E-FB82-4C33-BD10-DCBC6F68E647}.Debug|Any CPU.Build.0 = Debug|Any CPU
		{D9159D5E-FB82-4C33-BD10-DCBC6F68E647}.Release|Any CPU.ActiveCfg = Release|Any CPU
		{D9159D5E-FB82-4C33-BD10-DCBC6F68E647}.Release|Any CPU.Build.0 = Release|Any CPU
		{EAFEB23E-59CA-44D6-B193-8B83DDC0FAD2}.Debug|Any CPU.ActiveCfg = Debug|Any CPU
		{EAFEB23E-59CA-44D6-B193-8B83DDC0FAD2}.Debug|Any CPU.Build.0 = Debug|Any CPU
		{EAFEB23E-59CA-44D6-B193-8B83DDC0FAD2}.Release|Any CPU.ActiveCfg = Release|Any CPU
		{EAFEB23E-59CA-44D6-B193-8B83DDC0FAD2}.Release|Any CPU.Build.0 = Release|Any CPU
		{C7D5D86A-3D59-4F71-BE50-292C46BDE8FB}.Debug|Any CPU.ActiveCfg = Debug|Any CPU
		{C7D5D86A-3D59-4F71-BE50-292C46BDE8FB}.Debug|Any CPU.Build.0 = Debug|Any CPU
		{C7D5D86A-3D59-4F71-BE50-292C46BDE8FB}.Release|Any CPU.ActiveCfg = Release|Any CPU
		{C7D5D86A-3D59-4F71-BE50-292C46BDE8FB}.Release|Any CPU.Build.0 = Release|Any CPU
		{0EEE818E-B9BF-4089-A4AE-1F0D413E630D}.Debug|Any CPU.ActiveCfg = Debug|Any CPU
		{0EEE818E-B9BF-4089-A4AE-1F0D413E630D}.Debug|Any CPU.Build.0 = Debug|Any CPU
		{0EEE818E-B9BF-4089-A4AE-1F0D413E630D}.Release|Any CPU.ActiveCfg = Release|Any CPU
		{0EEE818E-B9BF-4089-A4AE-1F0D413E630D}.Release|Any CPU.Build.0 = Release|Any CPU
	EndGlobalSection
	GlobalSection(SolutionProperties) = preSolution
		HideSolutionNode = FALSE
	EndGlobalSection
	GlobalSection(NestedProjects) = preSolution
		{4F9DA3F6-B01E-4A30-8C76-287441494C53} = {7F194B38-FA35-4E8E-8018-A5D597B7D845}
		{0469F1B1-C0F5-4B61-B04B-861FE568B055} = {E70A0BB1-8418-4F80-A4A5-47461D35D368}
		{99F41381-0D00-4169-BA96-E36DDA813200} = {E70A0BB1-8418-4F80-A4A5-47461D35D368}
		{BCB6FCD0-06EA-4339-956B-3425BC83F07D} = {7F194B38-FA35-4E8E-8018-A5D597B7D845}
		{ADDCD34D-52F7-4ECA-80B3-D317982ACD3B} = {E70A0BB1-8418-4F80-A4A5-47461D35D368}
		{7553CFCC-BFBD-41D0-91FC-EB7A73FDD3E7} = {E70A0BB1-8418-4F80-A4A5-47461D35D368}
		{2CFB98AD-E666-494D-8233-E6893338C0E9} = {7F194B38-FA35-4E8E-8018-A5D597B7D845}
		{2A016A0D-498B-40E5-BEE1-2BF165E95B72} = {7F194B38-FA35-4E8E-8018-A5D597B7D845}
		{9482E722-4792-4106-8D56-ACDDEF3F6FC0} = {E70A0BB1-8418-4F80-A4A5-47461D35D368}
		{1BF719F2-AB15-43BF-BB1A-36B3A2235729} = {E70A0BB1-8418-4F80-A4A5-47461D35D368}
		{D946CF51-B376-4313-90EB-F168A484E4AA} = {E70A0BB1-8418-4F80-A4A5-47461D35D368}
		{F76FC8A5-87A4-4697-85B1-C045AF78386D} = {B50660C3-98D8-41CE-A48E-E408A37724B7}
		{51D0CFFC-F79E-44D1-89AD-F2BA6D701D11} = {E70A0BB1-8418-4F80-A4A5-47461D35D368}
		{03967492-4553-4127-8147-F078C69163E9} = {7F194B38-FA35-4E8E-8018-A5D597B7D845}
		{39249838-46D3-4128-8102-A2E0C70862D8} = {17A8768A-2F64-40AE-AA08-912AD8FD2C71}
		{7F791FEC-A615-4F8F-AE95-128D9D99DF63} = {B50660C3-98D8-41CE-A48E-E408A37724B7}
		{17A8768A-2F64-40AE-AA08-912AD8FD2C71} = {7F194B38-FA35-4E8E-8018-A5D597B7D845}
		{B50660C3-98D8-41CE-A48E-E408A37724B7} = {7F194B38-FA35-4E8E-8018-A5D597B7D845}
		{C1A8D024-EBFF-4171-9D97-5E07F959EB50} = {17A8768A-2F64-40AE-AA08-912AD8FD2C71}
		{1145D1A6-2FDA-420F-95E7-6B24DD291754} = {7F194B38-FA35-4E8E-8018-A5D597B7D845}
		{F592444C-BA1F-4872-AAA2-BE1F47B60384} = {1145D1A6-2FDA-420F-95E7-6B24DD291754}
		{2EB86E0A-91AD-4228-B855-CE227DDD50F0} = {1145D1A6-2FDA-420F-95E7-6B24DD291754}
		{1A147718-84E8-4736-A57F-ADA6C4FFA047} = {E70A0BB1-8418-4F80-A4A5-47461D35D368}
		{98BBA376-4030-4AFE-BDC5-498E82A6E9BB} = {E70A0BB1-8418-4F80-A4A5-47461D35D368}
		{DE430DF1-1315-43C3-A3DF-DE0B507EA82A} = {B50660C3-98D8-41CE-A48E-E408A37724B7}
		{C9A704CF-99E2-4832-BEDD-B3104C8CE341} = {B50660C3-98D8-41CE-A48E-E408A37724B7}
		{9E473333-F43F-4FFF-8D46-40D2BF7F40EC} = {B50660C3-98D8-41CE-A48E-E408A37724B7}
		{9D5E9175-36ED-4E99-8998-767CDC7A69B2} = {17A8768A-2F64-40AE-AA08-912AD8FD2C71}
		{70ECD8A4-405C-4E23-AB3C-468020CBA7FD} = {E70A0BB1-8418-4F80-A4A5-47461D35D368}
		{D9159D5E-FB82-4C33-BD10-DCBC6F68E647} = {17A8768A-2F64-40AE-AA08-912AD8FD2C71}
		{EAFEB23E-59CA-44D6-B193-8B83DDC0FAD2} = {E70A0BB1-8418-4F80-A4A5-47461D35D368}
		{C7D5D86A-3D59-4F71-BE50-292C46BDE8FB} = {E70A0BB1-8418-4F80-A4A5-47461D35D368}
		{0EEE818E-B9BF-4089-A4AE-1F0D413E630D} = {B50660C3-98D8-41CE-A48E-E408A37724B7}
	EndGlobalSection
	GlobalSection(ExtensibilityGlobals) = postSolution
		SolutionGuid = {A4E7060C-278C-4789-8857-13E1D41F6AD6}
	EndGlobalSection
EndGlobal
